
Microsoft Visual Studio Solution File, Format Version 12.00
# Visual Studio Version 16
VisualStudioVersion = 16.0.30309.148
MinimumVisualStudioVersion = 10.0.40219.1
Project("{FAE04EC0-301F-11D3-BF4B-00C04F79EFBC}") = "Fibonacci", "Fibonacci.csproj", "{C5C23302-62D0-4902-8533-1F22570B5BDE}"
EndProject
Global
	GlobalSection(SolutionConfigurationPlatforms) = preSolution
		Debug|Any CPU = Debug|Any CPU
		Release|Any CPU = Release|Any CPU
	EndGlobalSection
	GlobalSection(ProjectConfigurationPlatforms) = postSolution
		{C5C23302-62D0-4902-8533-1F22570B5BDE}.Debug|Any CPU.ActiveCfg = Debug|Any CPU
		{C5C23302-62D0-4902-8533-1F22570B5BDE}.Debug|Any CPU.Build.0 = Debug|Any CPU
		{C5C23302-62D0-4902-8533-1F22570B5BDE}.Release|Any CPU.ActiveCfg = Release|Any CPU
		{C5C23302-62D0-4902-8533-1F22570B5BDE}.Release|Any CPU.Build.0 = Release|Any CPU
	EndGlobalSection
	GlobalSection(SolutionProperties) = preSolution
		HideSolutionNode = FALSE
	EndGlobalSection
	GlobalSection(ExtensibilityGlobals) = postSolution
		SolutionGuid = {10CC3F63-E510-448A-8DD0-0332AAF54ADC}
	EndGlobalSection
EndGlobal
