
Microsoft Visual Studio Solution File, Format Version 12.00
# Visual Studio Version 16
VisualStudioVersion = 16.0.30523.141
MinimumVisualStudioVersion = 10.0.40219.1
Project("{FAE04EC0-301F-11D3-BF4B-00C04F79EFBC}") = "Monitor_host", "Monitor_host.csproj", "{95B5D036-A2E6-42DB-A3DB-20A6AF5CA394}"
EndProject
Global
	GlobalSection(SolutionConfigurationPlatforms) = preSolution
		Debug|Any CPU = Debug|Any CPU
		Release|Any CPU = Release|Any CPU
	EndGlobalSection
	GlobalSection(ProjectConfigurationPlatforms) = postSolution
		{95B5D036-A2E6-42DB-A3DB-20A6AF5CA394}.Debug|Any CPU.ActiveCfg = Debug|Any CPU
		{95B5D036-A2E6-42DB-A3DB-20A6AF5CA394}.Debug|Any CPU.Build.0 = Debug|Any CPU
		{95B5D036-A2E6-42DB-A3DB-20A6AF5CA394}.Release|Any CPU.ActiveCfg = Release|Any CPU
		{95B5D036-A2E6-42DB-A3DB-20A6AF5CA394}.Release|Any CPU.Build.0 = Release|Any CPU
	EndGlobalSection
	GlobalSection(SolutionProperties) = preSolution
		HideSolutionNode = FALSE
	EndGlobalSection
	GlobalSection(ExtensibilityGlobals) = postSolution
		SolutionGuid = {8F1944C4-D70F-414D-B24D-903CEAF362C0}
	EndGlobalSection
EndGlobal
